
Microsoft Visual Studio Solution File, Format Version 12.00
# Visual Studio Version 16
VisualStudioVersion = 16.0.29230.61
MinimumVisualStudioVersion = 10.0.40219.1
Project("{FAE04EC0-301F-11D3-BF4B-00C04F79EFBC}") = "UserRegistration.Data", "UserRegistration.Data\UserRegistration.Data.csproj", "{CCA6DF13-8DA3-4913-8599-9D2AB73DE626}"
EndProject
Project("{FAE04EC0-301F-11D3-BF4B-00C04F79EFBC}") = "UserRegistration.Presentation", "UserRegistration.Presentation\UserRegistration.Presentation.csproj", "{95C0DF53-6D02-40A9-AC1B-1AFB8E2D09A7}"
EndProject
Project("{FAE04EC0-301F-11D3-BF4B-00C04F79EFBC}") = "UserRegistration.Application", "UserRegistration.Application\UserRegistration.Application.csproj", "{4D1C16E6-3354-4F79-86EE-A998BF606F5A}"
EndProject
Global
	GlobalSection(SolutionConfigurationPlatforms) = preSolution
		Debug|Any CPU = Debug|Any CPU
		Release|Any CPU = Release|Any CPU
	EndGlobalSection
	GlobalSection(ProjectConfigurationPlatforms) = postSolution
		{CCA6DF13-8DA3-4913-8599-9D2AB73DE626}.Debug|Any CPU.ActiveCfg = Debug|Any CPU
		{CCA6DF13-8DA3-4913-8599-9D2AB73DE626}.Debug|Any CPU.Build.0 = Debug|Any CPU
		{CCA6DF13-8DA3-4913-8599-9D2AB73DE626}.Release|Any CPU.ActiveCfg = Release|Any CPU
		{CCA6DF13-8DA3-4913-8599-9D2AB73DE626}.Release|Any CPU.Build.0 = Release|Any CPU
		{95C0DF53-6D02-40A9-AC1B-1AFB8E2D09A7}.Debug|Any CPU.ActiveCfg = Debug|Any CPU
		{95C0DF53-6D02-40A9-AC1B-1AFB8E2D09A7}.Debug|Any CPU.Build.0 = Debug|Any CPU
		{95C0DF53-6D02-40A9-AC1B-1AFB8E2D09A7}.Release|Any CPU.ActiveCfg = Release|Any CPU
		{95C0DF53-6D02-40A9-AC1B-1AFB8E2D09A7}.Release|Any CPU.Build.0 = Release|Any CPU
		{4D1C16E6-3354-4F79-86EE-A998BF606F5A}.Debug|Any CPU.ActiveCfg = Debug|Any CPU
		{4D1C16E6-3354-4F79-86EE-A998BF606F5A}.Debug|Any CPU.Build.0 = Debug|Any CPU
		{4D1C16E6-3354-4F79-86EE-A998BF606F5A}.Release|Any CPU.ActiveCfg = Release|Any CPU
		{4D1C16E6-3354-4F79-86EE-A998BF606F5A}.Release|Any CPU.Build.0 = Release|Any CPU
	EndGlobalSection
	GlobalSection(SolutionProperties) = preSolution
		HideSolutionNode = FALSE
	EndGlobalSection
	GlobalSection(ExtensibilityGlobals) = postSolution
		SolutionGuid = {E6365630-EBB1-4F96-9A06-3C73D4188EBF}
	EndGlobalSection
EndGlobal
